
Microsoft Visual Studio Solution File, Format Version 12.00
# Visual Studio Version 16
VisualStudioVersion = 16.0.29613.14
MinimumVisualStudioVersion = 10.0.40219.1
Project("{E24C65DC-7377-472B-9ABA-BC803B73C61A}") = "Location Service", "Location Service\", "{1D6FF71D-21E7-4AD8-A955-CBAE529DFEA0}"
	ProjectSection(WebsiteProperties) = preProject
		TargetFrameworkMoniker = ".NETFramework,Version%3Dv4.7.2"
		Debug.AspNetCompiler.VirtualPath = "/localhost_52554"
		Debug.AspNetCompiler.PhysicalPath = "Location Service\"
		Debug.AspNetCompiler.TargetPath = "PrecompiledWeb\localhost_52554\"
		Debug.AspNetCompiler.Updateable = "true"
		Debug.AspNetCompiler.ForceOverwrite = "true"
		Debug.AspNetCompiler.FixedNames = "false"
		Debug.AspNetCompiler.Debug = "True"
		Release.AspNetCompiler.VirtualPath = "/localhost_52554"
		Release.AspNetCompiler.PhysicalPath = "Location Service\"
		Release.AspNetCompiler.TargetPath = "PrecompiledWeb\localhost_52554\"
		Release.AspNetCompiler.Updateable = "true"
		Release.AspNetCompiler.ForceOverwrite = "true"
		Release.AspNetCompiler.FixedNames = "false"
		Release.AspNetCompiler.Debug = "False"
		VWDPort = "52554"
		SlnRelativePath = "Location Service\"
		DefaultWebSiteLanguage = "Visual C#"
	EndProjectSection
EndProject
Global
	GlobalSection(SolutionConfigurationPlatforms) = preSolution
		Debug|Any CPU = Debug|Any CPU
	EndGlobalSection
	GlobalSection(ProjectConfigurationPlatforms) = postSolution
		{1D6FF71D-21E7-4AD8-A955-CBAE529DFEA0}.Debug|Any CPU.ActiveCfg = Debug|Any CPU
		{1D6FF71D-21E7-4AD8-A955-CBAE529DFEA0}.Debug|Any CPU.Build.0 = Debug|Any CPU
	EndGlobalSection
	GlobalSection(SolutionProperties) = preSolution
		HideSolutionNode = FALSE
	EndGlobalSection
	GlobalSection(ExtensibilityGlobals) = postSolution
		SolutionGuid = {6D14A949-73DE-4D27-8118-59C597BC9567}
	EndGlobalSection
EndGlobal
